
Microsoft Visual Studio Solution File, Format Version 12.00
# Visual Studio Version 17
VisualStudioVersion = 17.13.35931.197
MinimumVisualStudioVersion = 10.0.40219.1
Project("{FAE04EC0-301F-11D3-BF4B-00C04F79EFBC}") = "ToolShell", "ToolShell\ToolShell.csproj", "{05652879-9455-4B2E-89D1-FB4E9211EE03}"
EndProject
Project("{FAE04EC0-301F-11D3-BF4B-00C04F79EFBC}") = "ToolCore", "ToolCore\ToolCore.csproj", "{1E5CACD9-FFEF-4129-B3CD-3147AF8029C2}"
EndProject
Project("{FAE04EC0-301F-11D3-BF4B-00C04F79EFBC}") = "ToolCore.Logging", "ToolCore.Logging\ToolCore.Logging.csproj", "{AD87F2DE-DD09-4E0C-8A8F-14A5A1997407}"
EndProject
Project("{FAE04EC0-301F-11D3-BF4B-00C04F79EFBC}") = "ToolCore.Configuration", "ToolCore.Configuration\ToolCore.Configuration.csproj", "{4321046A-57AC-4968-9603-5ED75F904D9F}"
EndProject
Project("{2150E333-8FDC-42A3-9474-1A3956D46DE8}") = "Docs", "Docs", "{02EA681E-C7D8-13C7-8484-4AC65E1B71E8}"
	ProjectSection(SolutionItems) = preProject
		PROJECT_CONTEXT.md = PROJECT_CONTEXT.md
	EndProjectSection
EndProject
Project("{FAE04EC0-301F-11D3-BF4B-00C04F79EFBC}") = "ToolCore.Logging.Wpf", "ToolCore.Logging.Wpf\ToolCore.Logging.Wpf.csproj", "{865D11BC-5642-4FC8-A9DE-FEB14D622ABE}"
EndProject
Global
	GlobalSection(SolutionConfigurationPlatforms) = preSolution
		Debug|Any CPU = Debug|Any CPU
		Release|Any CPU = Release|Any CPU
	EndGlobalSection
	GlobalSection(ProjectConfigurationPlatforms) = postSolution
		{05652879-9455-4B2E-89D1-FB4E9211EE03}.Debug|Any CPU.ActiveCfg = Debug|Any CPU
		{05652879-9455-4B2E-89D1-FB4E9211EE03}.Debug|Any CPU.Build.0 = Debug|Any CPU
		{05652879-9455-4B2E-89D1-FB4E9211EE03}.Release|Any CPU.ActiveCfg = Release|Any CPU
		{05652879-9455-4B2E-89D1-FB4E9211EE03}.Release|Any CPU.Build.0 = Release|Any CPU
		{1E5CACD9-FFEF-4129-B3CD-3147AF8029C2}.Debug|Any CPU.ActiveCfg = Debug|Any CPU
		{1E5CACD9-FFEF-4129-B3CD-3147AF8029C2}.Debug|Any CPU.Build.0 = Debug|Any CPU
		{1E5CACD9-FFEF-4129-B3CD-3147AF8029C2}.Release|Any CPU.ActiveCfg = Release|Any CPU
		{1E5CACD9-FFEF-4129-B3CD-3147AF8029C2}.Release|Any CPU.Build.0 = Release|Any CPU
		{AD87F2DE-DD09-4E0C-8A8F-14A5A1997407}.Debug|Any CPU.ActiveCfg = Debug|Any CPU
		{AD87F2DE-DD09-4E0C-8A8F-14A5A1997407}.Debug|Any CPU.Build.0 = Debug|Any CPU
		{AD87F2DE-DD09-4E0C-8A8F-14A5A1997407}.Release|Any CPU.ActiveCfg = Release|Any CPU
		{AD87F2DE-DD09-4E0C-8A8F-14A5A1997407}.Release|Any CPU.Build.0 = Release|Any CPU
		{4321046A-57AC-4968-9603-5ED75F904D9F}.Debug|Any CPU.ActiveCfg = Debug|Any CPU
		{4321046A-57AC-4968-9603-5ED75F904D9F}.Debug|Any CPU.Build.0 = Debug|Any CPU
		{4321046A-57AC-4968-9603-5ED75F904D9F}.Release|Any CPU.ActiveCfg = Release|Any CPU
		{4321046A-57AC-4968-9603-5ED75F904D9F}.Release|Any CPU.Build.0 = Release|Any CPU
		{865D11BC-5642-4FC8-A9DE-FEB14D622ABE}.Debug|Any CPU.ActiveCfg = Debug|Any CPU
		{865D11BC-5642-4FC8-A9DE-FEB14D622ABE}.Debug|Any CPU.Build.0 = Debug|Any CPU
		{865D11BC-5642-4FC8-A9DE-FEB14D622ABE}.Release|Any CPU.ActiveCfg = Release|Any CPU
		{865D11BC-5642-4FC8-A9DE-FEB14D622ABE}.Release|Any CPU.Build.0 = Release|Any CPU
	EndGlobalSection
	GlobalSection(SolutionProperties) = preSolution
		HideSolutionNode = FALSE
	EndGlobalSection
	GlobalSection(ExtensibilityGlobals) = postSolution
		SolutionGuid = {579EEEF6-7CD7-4E38-8C2D-BEA360BF9755}
	EndGlobalSection
EndGlobal
